// !$*UTF8*$!
{
	archiveVersion = 1;
	classes = {
	};
	objectVersion = 46;
	objects = {

/* Begin PBXBuildFile section */
		FBEF6B5E1B276589006A9BF6 /* AppDelegate.swift in Sources */ = {isa = PBXBuildFile; fileRef = FBEF6B5D1B276589006A9BF6 /* AppDelegate.swift */; };
		FBEF6B601B276589006A9BF6 /* ViewController.swift in Sources */ = {isa = PBXBuildFile; fileRef = FBEF6B5F1B276589006A9BF6 /* ViewController.swift */; };
		FBEF6B631B276589006A9BF6 /* Main.storyboard in Resources */ = {isa = PBXBuildFile; fileRef = FBEF6B611B276589006A9BF6 /* Main.storyboard */; };
		FBEF6B651B276589006A9BF6 /* Images.xcassets in Resources */ = {isa = PBXBuildFile; fileRef = FBEF6B641B276589006A9BF6 /* Images.xcassets */; };
		FBEF6B681B276589006A9BF6 /* LaunchScreen.xib in Resources */ = {isa = PBXBuildFile; fileRef = FBEF6B661B276589006A9BF6 /* LaunchScreen.xib */; };
		FBEF6B741B276589006A9BF6 /* MemeMeTests.swift in Sources */ = {isa = PBXBuildFile; fileRef = FBEF6B731B276589006A9BF6 /* MemeMeTests.swift */; };
/* End PBXBuildFile section */

/* Begin PBXContainerItemProxy section */
		FBEF6B6E1B276589006A9BF6 /* PBXContainerItemProxy */ = {
			isa = PBXContainerItemProxy;
			containerPortal = FBEF6B501B276589006A9BF6 /* Project object */;
			proxyType = 1;
			remoteGlobalIDString = FBEF6B571B276589006A9BF6;
			remoteInfo = MemeMe;
		};
/* End PBXContainerItemProxy section */

/* Begin PBXFileReference section */
		FBEF6B581B276589006A9BF6 /* MemeMe.app */ = {isa = PBXFileReference; explicitFileType = wrapper.application; includeInIndex = 0; path = MemeMe.app; sourceTree = BUILT_PRODUCTS_DIR; };
		FBEF6B5C1B276589006A9BF6 /* Info.plist */ = {isa = PBXFileReference; lastKnownFileType = text.plist.xml; path = Info.plist; sourceTree = "<group>"; };
		FBEF6B5D1B276589006A9BF6 /* AppDelegate.swift */ = {isa = PBXFileReference; lastKnownFileType = sourcecode.swift; path = AppDelegate.swift; sourceTree = "<group>"; };
		FBEF6B5F1B276589006A9BF6 /* ViewController.swift */ = {isa = PBXFileReference; lastKnownFileType = sourcecode.swift; path = ViewController.swift; sourceTree = "<group>"; };
		FBEF6B621B276589006A9BF6 /* Base */ = {isa = PBXFileReference; lastKnownFileType = file.storyboard; name = Base; path = Base.lproj/Main.storyboard; sourceTree = "<group>"; };
		FBEF6B641B276589006A9BF6 /* Images.xcassets */ = {isa = PBXFileReference; lastKnownFileType = folder.assetcatalog; path = Images.xcassets; sourceTree = "<group>"; };
		FBEF6B671B276589006A9BF6 /* Base */ = {isa = PBXFileReference; lastKnownFileType = file.xib; name = Base; path = Base.lproj/LaunchScreen.xib; sourceTree = "<group>"; };
		FBEF6B6D1B276589006A9BF6 /* MemeMeTests.xctest */ = {isa = PBXFileReference; explicitFileType = wrapper.cfbundle; includeInIndex = 0; path = MemeMeTests.xctest; sourceTree = BUILT_PRODUCTS_DIR; };
		FBEF6B721B276589006A9BF6 /* Info.plist */ = {isa = PBXFileReference; lastKnownFileType = text.plist.xml; path = Info.plist; sourceTree = "<group>"; };
		FBEF6B731B276589006A9BF6 /* MemeMeTests.swift */ = {isa = PBXFileReference; lastKnownFileType = sourcecode.swift; path = MemeMeTests.swift; sourceTree = "<group>"; };
/* End PBXFileReference section */

/* Begin PBXFrameworksBuildPhase section */
		FBEF6B551B276589006A9BF6 /* Frameworks */ = {
			isa = PBXFrameworksBuildPhase;
			buildActionMask = 2147483647;
			files = (
			);
			runOnlyForDeploymentPostprocessing = 0;
		};
		FBEF6B6A1B276589006A9BF6 /* Frameworks */ = {
			isa = PBXFrameworksBuildPhase;
			buildActionMask = 2147483647;
			files = (
			);
			runOnlyForDeploymentPostprocessing = 0;
		};
/* End PBXFrameworksBuildPhase section */

/* Begin PBXGroup section */
		FBEF6B4F1B276589006A9BF6 = {
			isa = PBXGroup;
			children = (
				FBEF6B5A1B276589006A9BF6 /* MemeMe */,
				FBEF6B701B276589006A9BF6 /* MemeMeTests */,
				FBEF6B591B276589006A9BF6 /* Products */,
			);
			sourceTree = "<group>";
		};
		FBEF6B591B276589006A9BF6 /* Products */ = {
			isa = PBXGroup;
			children = (
				FBEF6B581B276589006A9BF6 /* MemeMe.app */,
				FBEF6B6D1B276589006A9BF6 /* MemeMeTests.xctest */,
			);
			name = Products;
			sourceTree = "<group>";
		};
		FBEF6B5A1B276589006A9BF6 /* MemeMe */ = {
			isa = PBXGroup;
			children = (
				FBEF6B5D1B276589006A9BF6 /* AppDelegate.swift */,
				FBEF6B5F1B276589006A9BF6 /* ViewController.swift */,
				FBEF6B611B276589006A9BF6 /* Main.storyboard */,
				FBEF6B641B276589006A9BF6 /* Images.xcassets */,
				FBEF6B661B276589006A9BF6 /* LaunchScreen.xib */,
				FBEF6B5B1B276589006A9BF6 /* Supporting Files */,
			);
			path = MemeMe;
			sourceTree = "<group>";
		};
		FBEF6B5B1B276589006A9BF6 /* Supporting Files */ = {
			isa = PBXGroup;
			children = (
				FBEF6B5C1B276589006A9BF6 /* Info.plist */,
			);
			name = "Supporting Files";
			sourceTree = "<group>";
		};
		FBEF6B701B276589006A9BF6 /* MemeMeTests */ = {
			isa = PBXGroup;
			children = (
				FBEF6B731B276589006A9BF6 /* MemeMeTests.swift */,
				FBEF6B711B276589006A9BF6 /* Supporting Files */,
			);
			path = MemeMeTests;
			sourceTree = "<group>";
		};
		FBEF6B711B276589006A9BF6 /* Supporting Files */ = {
			isa = PBXGroup;
			children = (
				FBEF6B721B276589006A9BF6 /* Info.plist */,
			);
			name = "Supporting Files";
			sourceTree = "<group>";
		};
/* End PBXGroup section */

/* Begin PBXNativeTarget section */
		FBEF6B571B276589006A9BF6 /* MemeMe */ = {
			isa = PBXNativeTarget;
			buildConfigurationList = FBEF6B771B276589006A9BF6 /* Build configuration list for PBXNativeTarget "MemeMe" */;
			buildPhases = (
				FBEF6B541B276589006A9BF6 /* Sources */,
				FBEF6B551B276589006A9BF6 /* Frameworks */,
				FBEF6B561B276589006A9BF6 /* Resources */,
			);
			buildRules = (
			);
			dependencies = (
			);
			name = MemeMe;
			productName = MemeMe;
			productReference = FBEF6B581B276589006A9BF6 /* MemeMe.app */;
			productType = "com.apple.product-type.application";
		};
		FBEF6B6C1B276589006A9BF6 /* MemeMeTests */ = {
			isa = PBXNativeTarget;
			buildConfigurationList = FBEF6B7A1B276589006A9BF6 /* Build configuration list for PBXNativeTarget "MemeMeTests" */;
			buildPhases = (
				FBEF6B691B276589006A9BF6 /* Sources */,
				FBEF6B6A1B276589006A9BF6 /* Frameworks */,
				FBEF6B6B1B276589006A9BF6 /* Resources */,
			);
			buildRules = (
			);
			dependencies = (
				FBEF6B6F1B276589006A9BF6 /* PBXTargetDependency */,
			);
			name = MemeMeTests;
			productName = MemeMeTests;
			productReference = FBEF6B6D1B276589006A9BF6 /* MemeMeTests.xctest */;
			productType = "com.apple.product-type.bundle.unit-test";
		};
/* End PBXNativeTarget section */

/* Begin PBXProject section */
		FBEF6B501B276589006A9BF6 /* Project object */ = {
			isa = PBXProject;
			attributes = {
				LastUpgradeCheck = 0630;
				ORGANIZATIONNAME = "Kelly Egan";
				TargetAttributes = {
					FBEF6B571B276589006A9BF6 = {
						CreatedOnToolsVersion = 6.3.2;
					};
					FBEF6B6C1B276589006A9BF6 = {
						CreatedOnToolsVersion = 6.3.2;
						TestTargetID = FBEF6B571B276589006A9BF6;
					};
				};
			};
			buildConfigurationList = FBEF6B531B276589006A9BF6 /* Build configuration list for PBXProject "MemeMe" */;
			compatibilityVersion = "Xcode 3.2";
			developmentRegion = English;
			hasScannedForEncodings = 0;
			knownRegions = (
				en,
				Base,
			);
			mainGroup = FBEF6B4F1B276589006A9BF6;
			productRefGroup = FBEF6B591B276589006A9BF6 /* Products */;
			projectDirPath = "";
			projectRoot = "";
			targets = (
				FBEF6B571B276589006A9BF6 /* MemeMe */,
				FBEF6B6C1B276589006A9BF6 /* MemeMeTests */,
			);
		};
/* End PBXProject section */

/* Begin PBXResourcesBuildPhase section */
		FBEF6B561B276589006A9BF6 /* Resources */ = {
			isa = PBXResourcesBuildPhase;
			buildActionMask = 2147483647;
			files = (
				FBEF6B631B276589006A9BF6 /* Main.storyboard in Resources */,
				FBEF6B681B276589006A9BF6 /* LaunchScreen.xib in Resources */,
				FBEF6B651B276589006A9BF6 /* Images.xcassets in Resources */,
			);
			runOnlyForDeploymentPostprocessing = 0;
		};
		FBEF6B6B1B276589006A9BF6 /* Resources */ = {
			isa = PBXResourcesBuildPhase;
			buildActionMask = 2147483647;
			files = (
			);
			runOnlyForDeploymentPostprocessing = 0;
		};
/* End PBXResourcesBuildPhase section */

/* Begin PBXSourcesBuildPhase section */
		FBEF6B541B276589006A9BF6 /* Sources */ = {
			isa = PBXSourcesBuildPhase;
			buildActionMask = 2147483647;
			files = (
				FBEF6B601B276589006A9BF6 /* ViewController.swift in Sources */,
				FBEF6B5E1B276589006A9BF6 /* AppDelegate.swift in Sources */,
			);
			runOnlyForDeploymentPostprocessing = 0;
		};
		FBEF6B691B276589006A9BF6 /* Sources */ = {
			isa = PBXSourcesBuildPhase;
			buildActionMask = 2147483647;
			files = (
				FBEF6B741B276589006A9BF6 /* MemeMeTests.swift in Sources */,
			);
			runOnlyForDeploymentPostprocessing = 0;
		};
/* End PBXSourcesBuildPhase section */

/* Begin PBXTargetDependency section */
		FBEF6B6F1B276589006A9BF6 /* PBXTargetDependency */ = {
			isa = PBXTargetDependency;
			target = FBEF6B571B276589006A9BF6 /* MemeMe */;
			targetProxy = FBEF6B6E1B276589006A9BF6 /* PBXContainerItemProxy */;
		};
/* End PBXTargetDependency section */

/* Begin PBXVariantGroup section */
		FBEF6B611B276589006A9BF6 /* Main.storyboard */ = {
			isa = PBXVariantGroup;
			children = (
				FBEF6B621B276589006A9BF6 /* Base */,
			);
			name = Main.storyboard;
			sourceTree = "<group>";
		};
		FBEF6B661B276589006A9BF6 /* LaunchScreen.xib */ = {
			isa = PBXVariantGroup;
			children = (
				FBEF6B671B276589006A9BF6 /* Base */,
			);
			name = LaunchScreen.xib;
			sourceTree = "<group>";
		};
/* End PBXVariantGroup section */

/* Begin XCBuildConfiguration section */
		FBEF6B751B276589006A9BF6 /* Debug */ = {
			isa = XCBuildConfiguration;
			buildSettings = {
				ALWAYS_SEARCH_USER_PATHS = NO;
				CLANG_CXX_LANGUAGE_STANDARD = "gnu++0x";
				CLANG_CXX_LIBRARY = "libc++";
				CLANG_ENABLE_MODULES = YES;
				CLANG_ENABLE_OBJC_ARC = YES;
				CLANG_WARN_BOOL_CONVERSION = YES;
				CLANG_WARN_CONSTANT_CONVERSION = YES;
				CLANG_WARN_DIRECT_OBJC_ISA_USAGE = YES_ERROR;
				CLANG_WARN_EMPTY_BODY = YES;
				CLANG_WARN_ENUM_CONVERSION = YES;
				CLANG_WARN_INT_CONVERSION = YES;
				CLANG_WARN_OBJC_ROOT_CLASS = YES_ERROR;
				CLANG_WARN_UNREACHABLE_CODE = YES;
				CLANG_WARN__DUPLICATE_METHOD_MATCH = YES;
				"CODE_SIGN_IDENTITY[sdk=iphoneos*]" = "iPhone Developer";
				COPY_PHASE_STRIP = NO;
				DEBUG_INFORMATION_FORMAT = "dwarf-with-dsym";
				ENABLE_STRICT_OBJC_MSGSEND = YES;
				GCC_C_LANGUAGE_STANDARD = gnu99;
				GCC_DYNAMIC_NO_PIC = NO;
				GCC_NO_COMMON_BLOCKS = YES;
				GCC_OPTIMIZATION_LEVEL = 0;
				GCC_PREPROCESSOR_DEFINITIONS = (
					"DEBUG=1",
					"$(inherited)",
				);
				GCC_SYMBOLS_PRIVATE_EXTERN = NO;
				GCC_WARN_64_TO_32_BIT_CONVERSION = YES;
				GCC_WARN_ABOUT_RETURN_TYPE = YES_ERROR;
				GCC_WARN_UNDECLARED_SELECTOR = YES;
				GCC_WARN_UNINITIALIZED_AUTOS = YES_AGGRESSIVE;
				GCC_WARN_UNUSED_FUNCTION = YES;
				GCC_WARN_UNUSED_VARIABLE = YES;
				IPHONEOS_DEPLOYMENT_TARGET = 8.3;
				MTL_ENABLE_DEBUG_INFO = YES;
				ONLY_ACTIVE_ARCH = YES;
				SDKROOT = iphoneos;
				SWIFT_OPTIMIZATION_LEVEL = "-Onone";
			};
			name = Debug;
		};
		FBEF6B761B276589006A9BF6 /* Release */ = {
			isa = XCBuildConfiguration;
			buildSettings = {
				ALWAYS_SEARCH_USER_PATHS = NO;
				CLANG_CXX_LANGUAGE_STANDARD = "gnu++0x";
				CLANG_CXX_LIBRARY = "libc++";
				CLANG_ENABLE_MODULES = YES;
				CLANG_ENABLE_OBJC_ARC = YES;
				CLANG_WARN_BOOL_CONVERSION = YES;
				CLANG_WARN_CONSTANT_CONVERSION = YES;
				CLANG_WARN_DIRECT_OBJC_ISA_USAGE = YES_ERROR;
				CLANG_WARN_EMPTY_BODY = YES;
				CLANG_WARN_ENUM_CONVERSION = YES;
				CLANG_WARN_INT_CONVERSION = YES;
				CLANG_WARN_OBJC_ROOT_CLASS = YES_ERROR;
				CLANG_WARN_UNREACHABLE_CODE = YES;
				CLANG_WARN__DUPLICATE_METHOD_MATCH = YES;
				"CODE_SIGN_IDENTITY[sdk=iphoneos*]" = "iPhone Developer";
				COPY_PHASE_STRIP = NO;
				DEBUG_INFORMATION_FORMAT = "dwarf-with-dsym";
				ENABLE_NS_ASSERTIONS = NO;
				ENABLE_STRICT_OBJC_MSGSEND = YES;
				GCC_C_LANGUAGE_STANDARD = gnu99;
				GCC_NO_COMMON_BLOCKS = YES;
				GCC_WARN_64_TO_32_BIT_CONVERSION = YES;
				GCC_WARN_ABOUT_RETURN_TYPE = YES_ERROR;
				GCC_WARN_UNDECLARED_SELECTOR = YES;
				GCC_WARN_UNINITIALIZED_AUTOS = YES_AGGRESSIVE;
				GCC_WARN_UNUSED_FUNCTION = YES;
				GCC_WARN_UNUSED_VARIABLE = YES;
				IPHONEOS_DEPLOYMENT_TARGET = 8.3;
				MTL_ENABLE_DEBUG_INFO = NO;
				SDKROOT = iphoneos;
				VALIDATE_PRODUCT = YES;
			};
			name = Release;
		};
		FBEF6B781B276589006A9BF6 /* Debug */ = {
			isa = XCBuildConfiguration;
			buildSettings = {
				ASSETCATALOG_COMPILER_APPICON_NAME = AppIcon;
				INFOPLIST_FILE = MemeMe/Info.plist;
				LD_RUNPATH_SEARCH_PATHS = "$(inherited) @executable_path/Frameworks";
				PRODUCT_NAME = "$(TARGET_NAME)";
			};
			name = Debug;
		};
		FBEF6B791B276589006A9BF6 /* Release */ = {
			isa = XCBuildConfiguration;
			buildSettings = {
				ASSETCATALOG_COMPILER_APPICON_NAME = AppIcon;
				INFOPLIST_FILE = MemeMe/Info.plist;
				LD_RUNPATH_SEARCH_PATHS = "$(inherited) @executable_path/Frameworks";
				PRODUCT_NAME = "$(TARGET_NAME)";
			};
			name = Release;
		};
		FBEF6B7B1B276589006A9BF6 /* Debug */ = {
			isa = XCBuildConfiguration;
			buildSettings = {
				BUNDLE_LOADER = "$(TEST_HOST)";
				FRAMEWORK_SEARCH_PATHS = (
					"$(SDKROOT)/Developer/Library/Frameworks",
					"$(inherited)",
				);
				GCC_PREPROCESSOR_DEFINITIONS = (
					"DEBUG=1",
					"$(inherited)",
				);
				INFOPLIST_FILE = MemeMeTests/Info.plist;
				LD_RUNPATH_SEARCH_PATHS = "$(inherited) @executable_path/Frameworks @loader_path/Frameworks";
				PRODUCT_NAME = "$(TARGET_NAME)";
				TEST_HOST = "$(BUILT_PRODUCTS_DIR)/MemeMe.app/MemeMe";
			};
			name = Debug;
		};
		FBEF6B7C1B276589006A9BF6 /* Release */ = {
			isa = XCBuildConfiguration;
			buildSettings = {
				BUNDLE_LOADER = "$(TEST_HOST)";
				FRAMEWORK_SEARCH_PATHS = (
					"$(SDKROOT)/Developer/Library/Frameworks",
					"$(inherited)",
				);
				INFOPLIST_FILE = MemeMeTests/Info.plist;
				LD_RUNPATH_SEARCH_PATHS = "$(inherited) @executable_path/Frameworks @loader_path/Frameworks";
				PRODUCT_NAME = "$(TARGET_NAME)";
				TEST_HOST = "$(BUILT_PRODUCTS_DIR)/MemeMe.app/MemeMe";
			};
			name = Release;
		};
/* End XCBuildConfiguration section */

/* Begin XCConfigurationList section */
		FBEF6B531B276589006A9BF6 /* Build configuration list for PBXProject "MemeMe" */ = {
			isa = XCConfigurationList;
			buildConfigurations = (
				FBEF6B751B276589006A9BF6 /* Debug */,
				FBEF6B761B276589006A9BF6 /* Release */,
			);
			defaultConfigurationIsVisible = 0;
			defaultConfigurationName = Release;
		};
		FBEF6B771B276589006A9BF6 /* Build configuration list for PBXNativeTarget "MemeMe" */ = {
			isa = XCConfigurationList;
			buildConfigurations = (
				FBEF6B781B276589006A9BF6 /* Debug */,
				FBEF6B791B276589006A9BF6 /* Release */,
			);
			defaultConfigurationIsVisible = 0;
		};
		FBEF6B7A1B276589006A9BF6 /* Build configuration list for PBXNativeTarget "MemeMeTests" */ = {
			isa = XCConfigurationList;
			buildConfigurations = (
				FBEF6B7B1B276589006A9BF6 /* Debug */,
				FBEF6B7C1B276589006A9BF6 /* Release */,
			);
			defaultConfigurationIsVisible = 0;
		};
/* End XCConfigurationList section */
	};
	rootObject = FBEF6B501B276589006A9BF6 /* Project object */;
}
